filippo.io/edwards25519 v1.1.0 h1:FNf4tywRC1HmFuKW5xopWpigGjJKiJSV0Cqo0cJWDaA=
filippo.io/edwards25519 v1.1.0/go.mod h1:BxyFTGdWcka3PhytdK4V28tE5sGfRvvvRV7EaN4VDT4=
filippo.io/nistec v0.0.3 h1:h336Je2jRDZdBCLy2fLDUd9E2unG32JLwcJi0JQE9Cw=
filippo.io/nistec v0.0.3/go.mod h1:84fxC9mi+MhC2AERXI4LSa8cmSVOzrFikg6hZ4IfCyw=
github.com/0xBridge/ecc v0.0.0-20250115122917-c99f6948f314 h1:ODeUNp76z2tqhLaq0KU3VQL98k2rwR2ndmDLd7rhgfk=
github.com/0xBridge/ecc v0.0.0-20250115122917-c99f6948f314/go.mod h1:8PuKIFVTtrbS4RUU2IFoGo4aKcaK4jK8MTLXN429y2E=
github.com/0xBridge/hash2curve v0.0.0-20250115122726-bb6e1c72e812 h1:bsftPNN2M22BOfN4uJFeXDfZyfEKBgFkbKB6ibrj3Vk=
github.com/0xBridge/hash2curve v0.0.0-20250115122726-bb6e1c72e812/go.mod h1:vwLTftU+aW18xYcykn1LUfGhwBIFqWNa93zL7C2ES44=
github.com/0xBridge/secp256k1 v0.0.0-20250115122817-ec0fce38a0f8 h1:JP03kQBqnn5G0TTgJpfH2Ip9SQDGD7CTLCdTptRFyK4=
github.com/0xBridge/secp256k1 v0.0.0-20250115122817-ec0fce38a0f8/go.mod h1:1WIL9xwK5CbuqizcpwL511aU69VPMGNv69yy2AGPp8c=
github.com/bytemare/hash v0.4.0 h1:1eqsPEe4J7m7xAaf32+2RKdxZslUSaJT7pezLbLOusg=
github.com/bytemare/hash v0.4.0/go.mod h1:5iEyBKNz+gBzvj7ermjXTrXz64fQUHVc2WjisGTk4Xk=
github.com/gtank/ristretto255 v0.1.2 h1:JEqUCPA1NvLq5DwYtuzigd7ss8fwbYay9fi4/5uMzcc=
github.com/gtank/ristretto255 v0.1.2/go.mod h1:Ph5OpO6c7xKUGROZfWVLiJf9icMDwUeIvY4OmlYW69o=
golang.org/x/crypto v0.32.0 h1:euUpcYgM8WcP71gNpTqQCn6rC2t6ULUPiOzfWaXVVfc=
golang.org/x/crypto v0.32.0/go.mod h1:ZnnJkOaASj8g0AjIduWNlq2NRxL0PlBrbKVyZ6V/Ugc=
golang.org/x/sys v0.29.0 h1:TPYlXGxvx1MGTn2GiZDhnjPA9wZzZeGKHHmKhHYvgaU=
golang.org/x/sys v0.29.0/go.mod h1:/VUhepiaJMQUp4+oa/7Zr1D23ma6VTLIYjOOTFZPUcA=
